
Microsoft Visual Studio Solution File, Format Version 12.00
# Visual Studio Version 16
VisualStudioVersion = 16.0.31702.278
MinimumVisualStudioVersion = 10.0.40219.1
Project("{8BC9CEB8-8B4A-11D0-8D11-00A0C91BC942}") = "lr 11", "lr 11.vcxproj", "{D5709E46-2A85-4AAF-A999-93F621550013}"
EndProject
Global
	GlobalSection(SolutionConfigurationPlatforms) = preSolution
		Debug|x64 = Debug|x64
		Debug|x86 = Debug|x86
		Release|x64 = Release|x64
		Release|x86 = Release|x86
	EndGlobalSection
	GlobalSection(ProjectConfigurationPlatforms) = postSolution
		{D5709E46-2A85-4AAF-A999-93F621550013}.Debug|x64.ActiveCfg = Debug|x64
		{D5709E46-2A85-4AAF-A999-93F621550013}.Debug|x64.Build.0 = Debug|x64
		{D5709E46-2A85-4AAF-A999-93F621550013}.Debug|x86.ActiveCfg = Debug|Win32
		{D5709E46-2A85-4AAF-A999-93F621550013}.Debug|x86.Build.0 = Debug|Win32
		{D5709E46-2A85-4AAF-A999-93F621550013}.Release|x64.ActiveCfg = Release|x64
		{D5709E46-2A85-4AAF-A999-93F621550013}.Release|x64.Build.0 = Release|x64
		{D5709E46-2A85-4AAF-A999-93F621550013}.Release|x86.ActiveCfg = Release|Win32
		{D5709E46-2A85-4AAF-A999-93F621550013}.Release|x86.Build.0 = Release|Win32
	EndGlobalSection
	GlobalSection(SolutionProperties) = preSolution
		HideSolutionNode = FALSE
	EndGlobalSection
	GlobalSection(ExtensibilityGlobals) = postSolution
		SolutionGuid = {8707269F-0635-4D1E-A9FA-5D65DFEEE831}
	EndGlobalSection
EndGlobal
